
Microsoft Visual Studio Solution File, Format Version 12.00
# Visual Studio 15
VisualStudioVersion = 15.0.27130.2036
MinimumVisualStudioVersion = 10.0.40219.1
Project("{2150E333-8FDC-42A3-9474-1A3956D46DE8}") = "src", "src", "{BBB4D112-80ED-45EF-B2C4-AE8778B7FADB}"
EndProject
Project("{9A19103F-16F7-4668-BE54-9A1E7A4F7556}") = "AspNetCoreExt.Qos.Concurrency", "src\AspNetCoreExt.Qos.Concurrency\AspNetCoreExt.Qos.Concurrency.csproj", "{646EEA8A-81A0-4A57-A120-05F5C316B52E}"
EndProject
Project("{9A19103F-16F7-4668-BE54-9A1E7A4F7556}") = "AspNetCoreExt.Qos.Abstractions", "src\AspNetCoreExt.Qos.Abstractions\AspNetCoreExt.Qos.Abstractions.csproj", "{772FD17F-40AA-4BC3-9680-BD8857FC51E0}"
EndProject
Project("{9A19103F-16F7-4668-BE54-9A1E7A4F7556}") = "AspNetCoreExt.Qos.ExpressionPolicyKeyComputer", "src\AspNetCoreExt.Qos.ExpressionPolicyKeyComputer\AspNetCoreExt.Qos.ExpressionPolicyKeyComputer.csproj", "{77AF2290-885D-4871-859C-856FA42580BE}"
EndProject
Project("{9A19103F-16F7-4668-BE54-9A1E7A4F7556}") = "AspNetCoreExt.Qos.Vip", "src\AspNetCoreExt.Qos.Vip\AspNetCoreExt.Qos.Vip.csproj", "{0D0D177A-2276-4CA4-AC98-847911530570}"
EndProject
Project("{9A19103F-16F7-4668-BE54-9A1E7A4F7556}") = "AspNetCoreExt.Qos.Mvc", "src\AspNetCoreExt.Qos.Mvc\AspNetCoreExt.Qos.Mvc.csproj", "{93F30A55-C437-4C42-96A8-6D2BB8BC3E91}"
EndProject
Project("{9A19103F-16F7-4668-BE54-9A1E7A4F7556}") = "AspNetCoreExt.Qos", "src\AspNetCoreExt.Qos\AspNetCoreExt.Qos.csproj", "{3BBDF3C9-38CC-499B-8A6E-87714EBDD255}"
EndProject
Project("{9A19103F-16F7-4668-BE54-9A1E7A4F7556}") = "AspNetCoreExt.Qos.RateLimit", "src\AspNetCoreExt.Qos.RateLimit\AspNetCoreExt.Qos.RateLimit.csproj", "{21BF9B6C-D25A-46BA-900C-C803AA091E82}"
EndProject
Project("{9A19103F-16F7-4668-BE54-9A1E7A4F7556}") = "AspNetCoreExt.Qos.Quota", "src\AspNetCoreExt.Qos.Quota\AspNetCoreExt.Qos.Quota.csproj", "{3D38856B-6B6C-4C9A-B46E-DBB00CD4348B}"
EndProject
Project("{2150E333-8FDC-42A3-9474-1A3956D46DE8}") = "test", "test", "{7CCB8C14-0093-4440-A278-4D9CAAA22C67}"
EndProject
Project("{9A19103F-16F7-4668-BE54-9A1E7A4F7556}") = "AspNetCoreExt.Qos.Tests", "test\AspNetCoreExt.Qos.Tests\AspNetCoreExt.Qos.Tests.csproj", "{9E3DC226-9AB5-407B-93A8-D123C89F562A}"
EndProject
Project("{FAE04EC0-301F-11D3-BF4B-00C04F79EFBC}") = "AspNetCoreExt.Qos.ExpressionPolicyKeyComputer.Tests", "test\AspNetCoreExt.Qos.ExpressionPolicyKeyComputer.Tests\AspNetCoreExt.Qos.ExpressionPolicyKeyComputer.Tests.csproj", "{33E3AA2E-F86B-42F7-BB4F-3DC9687758ED}"
EndProject
Project("{FAE04EC0-301F-11D3-BF4B-00C04F79EFBC}") = "AspNetCoreExt.Qos.Concurrency.Tests", "test\AspNetCoreExt.Qos.Concurrency.Tests\AspNetCoreExt.Qos.Concurrency.Tests.csproj", "{9CBDC2A9-27BC-4E52-8E56-38EA27C91A16}"
EndProject
Project("{FAE04EC0-301F-11D3-BF4B-00C04F79EFBC}") = "AspNetCoreExt.Qos.Quota.Tests", "test\AspNetCoreExt.Qos.Quota.Tests\AspNetCoreExt.Qos.Quota.Tests.csproj", "{EA3C4392-9033-4C00-99A9-1AE69A3498CE}"
EndProject
Project("{FAE04EC0-301F-11D3-BF4B-00C04F79EFBC}") = "AspNetCoreExt.Qos.RateLimit.Tests", "test\AspNetCoreExt.Qos.RateLimit.Tests\AspNetCoreExt.Qos.RateLimit.Tests.csproj", "{9BB335B0-798E-4EF2-8181-A50143BBEA77}"
EndProject
Project("{FAE04EC0-301F-11D3-BF4B-00C04F79EFBC}") = "AspNetCoreExt.Qos.Vip.Tests", "test\AspNetCoreExt.Qos.Vip.Tests\AspNetCoreExt.Qos.Vip.Tests.csproj", "{4286408E-A56A-4BDB-9FFD-29ECB9B12086}"
EndProject
Project("{2150E333-8FDC-42A3-9474-1A3956D46DE8}") = "samples", "samples", "{495070EF-AC12-446F-B8D9-1E9EBD062F4C}"
EndProject
Project("{FAE04EC0-301F-11D3-BF4B-00C04F79EFBC}") = "QosSandbox", "samples\QosSandbox\QosSandbox.csproj", "{B933BAC7-0B75-4895-BADE-7EF9E1A8A6DB}"
EndProject
Project("{FAE04EC0-301F-11D3-BF4B-00C04F79EFBC}") = "AspNetCoreExt.Qos.Mvc.Tests", "test\AspNetCoreExt.Qos.Mvc.Tests\AspNetCoreExt.Qos.Mvc.Tests.csproj", "{51EAB754-AC3D-44CF-A329-A6D86BF550F4}"
EndProject
Project("{FAE04EC0-301F-11D3-BF4B-00C04F79EFBC}") = "AspNetCoreExt.Qos.Abstractions.Tests", "test\AspNetCoreExt.Qos.Abstractions.Tests\AspNetCoreExt.Qos.Abstractions.Tests.csproj", "{6685F90A-D69A-45E4-A794-CA8CED00AFAD}"
EndProject
Global
	GlobalSection(SolutionConfigurationPlatforms) = preSolution
		Debug|Any CPU = Debug|Any CPU
		Release|Any CPU = Release|Any CPU
	EndGlobalSection
	GlobalSection(ProjectConfigurationPlatforms) = postSolution
		{646EEA8A-81A0-4A57-A120-05F5C316B52E}.Debug|Any CPU.ActiveCfg = Debug|Any CPU
		{646EEA8A-81A0-4A57-A120-05F5C316B52E}.Debug|Any CPU.Build.0 = Debug|Any CPU
		{646EEA8A-81A0-4A57-A120-05F5C316B52E}.Release|Any CPU.ActiveCfg = Release|Any CPU
		{646EEA8A-81A0-4A57-A120-05F5C316B52E}.Release|Any CPU.Build.0 = Release|Any CPU
		{772FD17F-40AA-4BC3-9680-BD8857FC51E0}.Debug|Any CPU.ActiveCfg = Debug|Any CPU
		{772FD17F-40AA-4BC3-9680-BD8857FC51E0}.Debug|Any CPU.Build.0 = Debug|Any CPU
		{772FD17F-40AA-4BC3-9680-BD8857FC51E0}.Release|Any CPU.ActiveCfg = Release|Any CPU
		{772FD17F-40AA-4BC3-9680-BD8857FC51E0}.Release|Any CPU.Build.0 = Release|Any CPU
		{77AF2290-885D-4871-859C-856FA42580BE}.Debug|Any CPU.ActiveCfg = Debug|Any CPU
		{77AF2290-885D-4871-859C-856FA42580BE}.Debug|Any CPU.Build.0 = Debug|Any CPU
		{77AF2290-885D-4871-859C-856FA42580BE}.Release|Any CPU.ActiveCfg = Release|Any CPU
		{77AF2290-885D-4871-859C-856FA42580BE}.Release|Any CPU.Build.0 = Release|Any CPU
		{0D0D177A-2276-4CA4-AC98-847911530570}.Debug|Any CPU.ActiveCfg = Debug|Any CPU
		{0D0D177A-2276-4CA4-AC98-847911530570}.Debug|Any CPU.Build.0 = Debug|Any CPU
		{0D0D177A-2276-4CA4-AC98-847911530570}.Release|Any CPU.ActiveCfg = Release|Any CPU
		{0D0D177A-2276-4CA4-AC98-847911530570}.Release|Any CPU.Build.0 = Release|Any CPU
		{93F30A55-C437-4C42-96A8-6D2BB8BC3E91}.Debug|Any CPU.ActiveCfg = Debug|Any CPU
		{93F30A55-C437-4C42-96A8-6D2BB8BC3E91}.Debug|Any CPU.Build.0 = Debug|Any CPU
		{93F30A55-C437-4C42-96A8-6D2BB8BC3E91}.Release|Any CPU.ActiveCfg = Release|Any CPU
		{93F30A55-C437-4C42-96A8-6D2BB8BC3E91}.Release|Any CPU.Build.0 = Release|Any CPU
		{3BBDF3C9-38CC-499B-8A6E-87714EBDD255}.Debug|Any CPU.ActiveCfg = Debug|Any CPU
		{3BBDF3C9-38CC-499B-8A6E-87714EBDD255}.Debug|Any CPU.Build.0 = Debug|Any CPU
		{3BBDF3C9-38CC-499B-8A6E-87714EBDD255}.Release|Any CPU.ActiveCfg = Release|Any CPU
		{3BBDF3C9-38CC-499B-8A6E-87714EBDD255}.Release|Any CPU.Build.0 = Release|Any CPU
		{21BF9B6C-D25A-46BA-900C-C803AA091E82}.Debug|Any CPU.ActiveCfg = Debug|Any CPU
		{21BF9B6C-D25A-46BA-900C-C803AA091E82}.Debug|Any CPU.Build.0 = Debug|Any CPU
		{21BF9B6C-D25A-46BA-900C-C803AA091E82}.Release|Any CPU.ActiveCfg = Release|Any CPU
		{21BF9B6C-D25A-46BA-900C-C803AA091E82}.Release|Any CPU.Build.0 = Release|Any CPU
		{3D38856B-6B6C-4C9A-B46E-DBB00CD4348B}.Debug|Any CPU.ActiveCfg = Debug|Any CPU
		{3D38856B-6B6C-4C9A-B46E-DBB00CD4348B}.Debug|Any CPU.Build.0 = Debug|Any CPU
		{3D38856B-6B6C-4C9A-B46E-DBB00CD4348B}.Release|Any CPU.ActiveCfg = Release|Any CPU
		{3D38856B-6B6C-4C9A-B46E-DBB00CD4348B}.Release|Any CPU.Build.0 = Release|Any CPU
		{9E3DC226-9AB5-407B-93A8-D123C89F562A}.Debug|Any CPU.ActiveCfg = Debug|Any CPU
		{9E3DC226-9AB5-407B-93A8-D123C89F562A}.Debug|Any CPU.Build.0 = Debug|Any CPU
		{9E3DC226-9AB5-407B-93A8-D123C89F562A}.Release|Any CPU.ActiveCfg = Release|Any CPU
		{9E3DC226-9AB5-407B-93A8-D123C89F562A}.Release|Any CPU.Build.0 = Release|Any CPU
		{33E3AA2E-F86B-42F7-BB4F-3DC9687758ED}.Debug|Any CPU.ActiveCfg = Debug|Any CPU
		{33E3AA2E-F86B-42F7-BB4F-3DC9687758ED}.Debug|Any CPU.Build.0 = Debug|Any CPU
		{33E3AA2E-F86B-42F7-BB4F-3DC9687758ED}.Release|Any CPU.ActiveCfg = Release|Any CPU
		{33E3AA2E-F86B-42F7-BB4F-3DC9687758ED}.Release|Any CPU.Build.0 = Release|Any CPU
		{9CBDC2A9-27BC-4E52-8E56-38EA27C91A16}.Debug|Any CPU.ActiveCfg = Debug|Any CPU
		{9CBDC2A9-27BC-4E52-8E56-38EA27C91A16}.Debug|Any CPU.Build.0 = Debug|Any CPU
		{9CBDC2A9-27BC-4E52-8E56-38EA27C91A16}.Release|Any CPU.ActiveCfg = Release|Any CPU
		{9CBDC2A9-27BC-4E52-8E56-38EA27C91A16}.Release|Any CPU.Build.0 = Release|Any CPU
		{EA3C4392-9033-4C00-99A9-1AE69A3498CE}.Debug|Any CPU.ActiveCfg = Debug|Any CPU
		{EA3C4392-9033-4C00-99A9-1AE69A3498CE}.Debug|Any CPU.Build.0 = Debug|Any CPU
		{EA3C4392-9033-4C00-99A9-1AE69A3498CE}.Release|Any CPU.ActiveCfg = Release|Any CPU
		{EA3C4392-9033-4C00-99A9-1AE69A3498CE}.Release|Any CPU.Build.0 = Release|Any CPU
		{9BB335B0-798E-4EF2-8181-A50143BBEA77}.Debug|Any CPU.ActiveCfg = Debug|Any CPU
		{9BB335B0-798E-4EF2-8181-A50143BBEA77}.Debug|Any CPU.Build.0 = Debug|Any CPU
		{9BB335B0-798E-4EF2-8181-A50143BBEA77}.Release|Any CPU.ActiveCfg = Release|Any CPU
		{9BB335B0-798E-4EF2-8181-A50143BBEA77}.Release|Any CPU.Build.0 = Release|Any CPU
		{4286408E-A56A-4BDB-9FFD-29ECB9B12086}.Debug|Any CPU.ActiveCfg = Debug|Any CPU
		{4286408E-A56A-4BDB-9FFD-29ECB9B12086}.Debug|Any CPU.Build.0 = Debug|Any CPU
		{4286408E-A56A-4BDB-9FFD-29ECB9B12086}.Release|Any CPU.ActiveCfg = Release|Any CPU
		{4286408E-A56A-4BDB-9FFD-29ECB9B12086}.Release|Any CPU.Build.0 = Release|Any CPU
		{B933BAC7-0B75-4895-BADE-7EF9E1A8A6DB}.Debug|Any CPU.ActiveCfg = Debug|Any CPU
		{B933BAC7-0B75-4895-BADE-7EF9E1A8A6DB}.Debug|Any CPU.Build.0 = Debug|Any CPU
		{B933BAC7-0B75-4895-BADE-7EF9E1A8A6DB}.Release|Any CPU.ActiveCfg = Release|Any CPU
		{B933BAC7-0B75-4895-BADE-7EF9E1A8A6DB}.Release|Any CPU.Build.0 = Release|Any CPU
		{51EAB754-AC3D-44CF-A329-A6D86BF550F4}.Debug|Any CPU.ActiveCfg = Debug|Any CPU
		{51EAB754-AC3D-44CF-A329-A6D86BF550F4}.Debug|Any CPU.Build.0 = Debug|Any CPU
		{51EAB754-AC3D-44CF-A329-A6D86BF550F4}.Release|Any CPU.ActiveCfg = Release|Any CPU
		{51EAB754-AC3D-44CF-A329-A6D86BF550F4}.Release|Any CPU.Build.0 = Release|Any CPU
		{6685F90A-D69A-45E4-A794-CA8CED00AFAD}.Debug|Any CPU.ActiveCfg = Debug|Any CPU
		{6685F90A-D69A-45E4-A794-CA8CED00AFAD}.Debug|Any CPU.Build.0 = Debug|Any CPU
		{6685F90A-D69A-45E4-A794-CA8CED00AFAD}.Release|Any CPU.ActiveCfg = Release|Any CPU
		{6685F90A-D69A-45E4-A794-CA8CED00AFAD}.Release|Any CPU.Build.0 = Release|Any CPU
	EndGlobalSection
	GlobalSection(SolutionProperties) = preSolution
		HideSolutionNode = FALSE
	EndGlobalSection
	GlobalSection(NestedProjects) = preSolution
		{646EEA8A-81A0-4A57-A120-05F5C316B52E} = {BBB4D112-80ED-45EF-B2C4-AE8778B7FADB}
		{772FD17F-40AA-4BC3-9680-BD8857FC51E0} = {BBB4D112-80ED-45EF-B2C4-AE8778B7FADB}
		{77AF2290-885D-4871-859C-856FA42580BE} = {BBB4D112-80ED-45EF-B2C4-AE8778B7FADB}
		{0D0D177A-2276-4CA4-AC98-847911530570} = {BBB4D112-80ED-45EF-B2C4-AE8778B7FADB}
		{93F30A55-C437-4C42-96A8-6D2BB8BC3E91} = {BBB4D112-80ED-45EF-B2C4-AE8778B7FADB}
		{3BBDF3C9-38CC-499B-8A6E-87714EBDD255} = {BBB4D112-80ED-45EF-B2C4-AE8778B7FADB}
		{21BF9B6C-D25A-46BA-900C-C803AA091E82} = {BBB4D112-80ED-45EF-B2C4-AE8778B7FADB}
		{3D38856B-6B6C-4C9A-B46E-DBB00CD4348B} = {BBB4D112-80ED-45EF-B2C4-AE8778B7FADB}
		{9E3DC226-9AB5-407B-93A8-D123C89F562A} = {7CCB8C14-0093-4440-A278-4D9CAAA22C67}
		{33E3AA2E-F86B-42F7-BB4F-3DC9687758ED} = {7CCB8C14-0093-4440-A278-4D9CAAA22C67}
		{9CBDC2A9-27BC-4E52-8E56-38EA27C91A16} = {7CCB8C14-0093-4440-A278-4D9CAAA22C67}
		{EA3C4392-9033-4C00-99A9-1AE69A3498CE} = {7CCB8C14-0093-4440-A278-4D9CAAA22C67}
		{9BB335B0-798E-4EF2-8181-A50143BBEA77} = {7CCB8C14-0093-4440-A278-4D9CAAA22C67}
		{4286408E-A56A-4BDB-9FFD-29ECB9B12086} = {7CCB8C14-0093-4440-A278-4D9CAAA22C67}
		{B933BAC7-0B75-4895-BADE-7EF9E1A8A6DB} = {495070EF-AC12-446F-B8D9-1E9EBD062F4C}
		{51EAB754-AC3D-44CF-A329-A6D86BF550F4} = {7CCB8C14-0093-4440-A278-4D9CAAA22C67}
		{6685F90A-D69A-45E4-A794-CA8CED00AFAD} = {7CCB8C14-0093-4440-A278-4D9CAAA22C67}
	EndGlobalSection
	GlobalSection(ExtensibilityGlobals) = postSolution
		SolutionGuid = {A0057FFF-1502-4B6C-B415-C203FEFFEAEC}
	EndGlobalSection
EndGlobal
